
Microsoft Visual Studio Solution File, Format Version 12.00
# Visual Studio Version 16
VisualStudioVersion = 16.0.29905.134
MinimumVisualStudioVersion = 10.0.40219.1
Project("{FAE04EC0-301F-11D3-BF4B-00C04F79EFBC}") = "OOP Assignment 2", "OOP Assignment 2\OOP Assignment 2.csproj", "{C6060790-3B71-4B19-A90F-D35D9350C00C}"
EndProject
Global
	GlobalSection(SolutionConfigurationPlatforms) = preSolution
		Debug|Any CPU = Debug|Any CPU
		Release|Any CPU = Release|Any CPU
	EndGlobalSection
	GlobalSection(ProjectConfigurationPlatforms) = postSolution
		{C6060790-3B71-4B19-A90F-D35D9350C00C}.Debug|Any CPU.ActiveCfg = Debug|Any CPU
		{C6060790-3B71-4B19-A90F-D35D9350C00C}.Debug|Any CPU.Build.0 = Debug|Any CPU
		{C6060790-3B71-4B19-A90F-D35D9350C00C}.Release|Any CPU.ActiveCfg = Release|Any CPU
		{C6060790-3B71-4B19-A90F-D35D9350C00C}.Release|Any CPU.Build.0 = Release|Any CPU
	EndGlobalSection
	GlobalSection(SolutionProperties) = preSolution
		HideSolutionNode = FALSE
	EndGlobalSection
	GlobalSection(ExtensibilityGlobals) = postSolution
		SolutionGuid = {12EC760A-2D0D-4E7E-B927-97A01ECF5D28}
	EndGlobalSection
EndGlobal
